// !$*UTF8*$!
{
	archiveVersion = 1;
	classes = {
	};
	objectVersion = 46;
	objects = {

/* Begin PBXBuildFile section */
		21406EFC1FDBD1C9008C536A /* Kawasaki@2x.png in Resources */ = {isa = PBXBuildFile; fileRef = 21406EEC1FDBD1C7008C536A /* Kawasaki@2x.png */; };
		21406EFD1FDBD1C9008C536A /* Kawasaki@3x.png in Resources */ = {isa = PBXBuildFile; fileRef = 21406EED1FDBD1C7008C536A /* Kawasaki@3x.png */; };
		21406EFE1FDBD1C9008C536A /* Yamaha@2x.png in Resources */ = {isa = PBXBuildFile; fileRef = 21406EEE1FDBD1C7008C536A /* Yamaha@2x.png */; };
		21406EFF1FDBD1C9008C536A /* HD@2x.png in Resources */ = {isa = PBXBuildFile; fileRef = 21406EEF1FDBD1C7008C536A /* HD@2x.png */; };
		21406F001FDBD1C9008C536A /* Yamaha@3x.png in Resources */ = {isa = PBXBuildFile; fileRef = 21406EF01FDBD1C7008C536A /* Yamaha@3x.png */; };
		21406F011FDBD1C9008C536A /* BMW@2x.png in Resources */ = {isa = PBXBuildFile; fileRef = 21406EF11FDBD1C8008C536A /* BMW@2x.png */; };
		21406F021FDBD1C9008C536A /* Ducati@3x.png in Resources */ = {isa = PBXBuildFile; fileRef = 21406EF21FDBD1C8008C536A /* Ducati@3x.png */; };
		21406F031FDBD1C9008C536A /* KTM@3x.png in Resources */ = {isa = PBXBuildFile; fileRef = 21406EF31FDBD1C8008C536A /* KTM@3x.png */; };
		21406F041FDBD1C9008C536A /* HD@3x.png in Resources */ = {isa = PBXBuildFile; fileRef = 21406EF41FDBD1C8008C536A /* HD@3x.png */; };
		21406F051FDBD1C9008C536A /* Dark@3x.png in Resources */ = {isa = PBXBuildFile; fileRef = 21406EF51FDBD1C8008C536A /* Dark@3x.png */; };
		21406F061FDBD1C9008C536A /* Dark@2x.png in Resources */ = {isa = PBXBuildFile; fileRef = 21406EF61FDBD1C8008C536A /* Dark@2x.png */; };
		21406F071FDBD1C9008C536A /* Honda@2x.png in Resources */ = {isa = PBXBuildFile; fileRef = 21406EF71FDBD1C8008C536A /* Honda@2x.png */; };
		21406F081FDBD1C9008C536A /* Ducati@2x.png in Resources */ = {isa = PBXBuildFile; fileRef = 21406EF81FDBD1C8008C536A /* Ducati@2x.png */; };
		21406F091FDBD1C9008C536A /* Honda@3x.png in Resources */ = {isa = PBXBuildFile; fileRef = 21406EF91FDBD1C8008C536A /* Honda@3x.png */; };
		21406F0A1FDBD1C9008C536A /* KTM@2x.png in Resources */ = {isa = PBXBuildFile; fileRef = 21406EFA1FDBD1C8008C536A /* KTM@2x.png */; };
		21406F0B1FDBD1C9008C536A /* BMW@3x.png in Resources */ = {isa = PBXBuildFile; fileRef = 21406EFB1FDBD1C9008C536A /* BMW@3x.png */; };
		216C3AF91FDBE633006D57C0 /* Dark Curved.png in Resources */ = {isa = PBXBuildFile; fileRef = 216C3AF01FDBE633006D57C0 /* Dark Curved.png */; };
		216C3AFA1FDBE633006D57C0 /* Honda Curved.png in Resources */ = {isa = PBXBuildFile; fileRef = 216C3AF11FDBE633006D57C0 /* Honda Curved.png */; };
		216C3AFB1FDBE633006D57C0 /* Kawasaki Curved.png in Resources */ = {isa = PBXBuildFile; fileRef = 216C3AF21FDBE633006D57C0 /* Kawasaki Curved.png */; };
		216C3AFC1FDBE633006D57C0 /* BMW Curved.png in Resources */ = {isa = PBXBuildFile; fileRef = 216C3AF31FDBE633006D57C0 /* BMW Curved.png */; };
		216C3AFD1FDBE633006D57C0 /* BaseIcon Curved.png in Resources */ = {isa = PBXBuildFile; fileRef = 216C3AF41FDBE633006D57C0 /* BaseIcon Curved.png */; };
		216C3AFE1FDBE633006D57C0 /* KTM Curved.png in Resources */ = {isa = PBXBuildFile; fileRef = 216C3AF51FDBE633006D57C0 /* KTM Curved.png */; };
		216C3AFF1FDBE633006D57C0 /* Ducati Curved.png in Resources */ = {isa = PBXBuildFile; fileRef = 216C3AF61FDBE633006D57C0 /* Ducati Curved.png */; };
		216C3B001FDBE633006D57C0 /* HD Curved.png in Resources */ = {isa = PBXBuildFile; fileRef = 216C3AF71FDBE633006D57C0 /* HD Curved.png */; };
		216C3B011FDBE633006D57C0 /* Yamaha Curved.png in Resources */ = {isa = PBXBuildFile; fileRef = 216C3AF81FDBE633006D57C0 /* Yamaha Curved.png */; };
		218BE4041F53A33D00748783 /* WeatherViewController.swift in Sources */ = {isa = PBXBuildFile; fileRef = 218BE4031F53A33D00748783 /* WeatherViewController.swift */; };
		21AFB4AC1E2B7E7700C50731 /* AppDelegate.swift in Sources */ = {isa = PBXBuildFile; fileRef = 21AFB4AB1E2B7E7700C50731 /* AppDelegate.swift */; };
		21AFB4AE1E2B7E7700C50731 /* ViewController.swift in Sources */ = {isa = PBXBuildFile; fileRef = 21AFB4AD1E2B7E7700C50731 /* ViewController.swift */; };
		21AFB4B11E2B7E7700C50731 /* Main.storyboard in Resources */ = {isa = PBXBuildFile; fileRef = 21AFB4AF1E2B7E7700C50731 /* Main.storyboard */; };
		21AFB4B31E2B7E7700C50731 /* Assets.xcassets in Resources */ = {isa = PBXBuildFile; fileRef = 21AFB4B21E2B7E7700C50731 /* Assets.xcassets */; };
		21AFB4B61E2B7E7700C50731 /* LaunchScreen.storyboard in Resources */ = {isa = PBXBuildFile; fileRef = 21AFB4B41E2B7E7700C50731 /* LaunchScreen.storyboard */; };
		21DAB2A81FD77D1F00B76C28 /* Charts.framework in Frameworks */ = {isa = PBXBuildFile; fileRef = 21DAB2A91FD77D1F00B76C28 /* Charts.framework */; };
		21EF812D1E2BAF0A00D95102 /* SettingsViewController.swift in Sources */ = {isa = PBXBuildFile; fileRef = 21EF812C1E2BAF0A00D95102 /* SettingsViewController.swift */; };
		21F9AF0A1F4C59900009B216 /* WeatherManager.swift in Sources */ = {isa = PBXBuildFile; fileRef = 21F9AF091F4C59900009B216 /* WeatherManager.swift */; };
		7852C1822658E8DF40C9EBA3 /* Pods_Speedo.framework in Frameworks */ = {isa = PBXBuildFile; fileRef = 961D947F256E6AB5E90D0D44 /* Pods_Speedo.framework */; };
/* End PBXBuildFile section */

/* Begin PBXFileReference section */
		21406EEC1FDBD1C7008C536A /* Kawasaki@2x.png */ = {isa = PBXFileReference; lastKnownFileType = image.png; path = "Kawasaki@2x.png"; sourceTree = "<group>"; };
		21406EED1FDBD1C7008C536A /* Kawasaki@3x.png */ = {isa = PBXFileReference; lastKnownFileType = image.png; path = "Kawasaki@3x.png"; sourceTree = "<group>"; };
		21406EEE1FDBD1C7008C536A /* Yamaha@2x.png */ = {isa = PBXFileReference; lastKnownFileType = image.png; path = "Yamaha@2x.png"; sourceTree = "<group>"; };
		21406EEF1FDBD1C7008C536A /* HD@2x.png */ = {isa = PBXFileReference; lastKnownFileType = image.png; path = "HD@2x.png"; sourceTree = "<group>"; };
		21406EF01FDBD1C7008C536A /* Yamaha@3x.png */ = {isa = PBXFileReference; lastKnownFileType = image.png; path = "Yamaha@3x.png"; sourceTree = "<group>"; };
		21406EF11FDBD1C8008C536A /* BMW@2x.png */ = {isa = PBXFileReference; lastKnownFileType = image.png; path = "BMW@2x.png"; sourceTree = "<group>"; };
		21406EF21FDBD1C8008C536A /* Ducati@3x.png */ = {isa = PBXFileReference; lastKnownFileType = image.png; path = "Ducati@3x.png"; sourceTree = "<group>"; };
		21406EF31FDBD1C8008C536A /* KTM@3x.png */ = {isa = PBXFileReference; lastKnownFileType = image.png; path = "KTM@3x.png"; sourceTree = "<group>"; };
		21406EF41FDBD1C8008C536A /* HD@3x.png */ = {isa = PBXFileReference; lastKnownFileType = image.png; path = "HD@3x.png"; sourceTree = "<group>"; };
		21406EF51FDBD1C8008C536A /* Dark@3x.png */ = {isa = PBXFileReference; lastKnownFileType = image.png; path = "Dark@3x.png"; sourceTree = "<group>"; };
		21406EF61FDBD1C8008C536A /* Dark@2x.png */ = {isa = PBXFileReference; lastKnownFileType = image.png; path = "Dark@2x.png"; sourceTree = "<group>"; };
		21406EF71FDBD1C8008C536A /* Honda@2x.png */ = {isa = PBXFileReference; lastKnownFileType = image.png; path = "Honda@2x.png"; sourceTree = "<group>"; };
		21406EF81FDBD1C8008C536A /* Ducati@2x.png */ = {isa = PBXFileReference; lastKnownFileType = image.png; path = "Ducati@2x.png"; sourceTree = "<group>"; };
		21406EF91FDBD1C8008C536A /* Honda@3x.png */ = {isa = PBXFileReference; lastKnownFileType = image.png; path = "Honda@3x.png"; sourceTree = "<group>"; };
		21406EFA1FDBD1C8008C536A /* KTM@2x.png */ = {isa = PBXFileReference; lastKnownFileType = image.png; path = "KTM@2x.png"; sourceTree = "<group>"; };
		21406EFB1FDBD1C9008C536A /* BMW@3x.png */ = {isa = PBXFileReference; lastKnownFileType = image.png; path = "BMW@3x.png"; sourceTree = "<group>"; };
		216C3AF01FDBE633006D57C0 /* Dark Curved.png */ = {isa = PBXFileReference; lastKnownFileType = image.png; path = "Dark Curved.png"; sourceTree = "<group>"; };
		216C3AF11FDBE633006D57C0 /* Honda Curved.png */ = {isa = PBXFileReference; lastKnownFileType = image.png; path = "Honda Curved.png"; sourceTree = "<group>"; };
		216C3AF21FDBE633006D57C0 /* Kawasaki Curved.png */ = {isa = PBXFileReference; lastKnownFileType = image.png; path = "Kawasaki Curved.png"; sourceTree = "<group>"; };
		216C3AF31FDBE633006D57C0 /* BMW Curved.png */ = {isa = PBXFileReference; lastKnownFileType = image.png; path = "BMW Curved.png"; sourceTree = "<group>"; };
		216C3AF41FDBE633006D57C0 /* BaseIcon Curved.png */ = {isa = PBXFileReference; lastKnownFileType = image.png; path = "BaseIcon Curved.png"; sourceTree = "<group>"; };
		216C3AF51FDBE633006D57C0 /* KTM Curved.png */ = {isa = PBXFileReference; lastKnownFileType = image.png; path = "KTM Curved.png"; sourceTree = "<group>"; };
		216C3AF61FDBE633006D57C0 /* Ducati Curved.png */ = {isa = PBXFileReference; lastKnownFileType = image.png; path = "Ducati Curved.png"; sourceTree = "<group>"; };
		216C3AF71FDBE633006D57C0 /* HD Curved.png */ = {isa = PBXFileReference; lastKnownFileType = image.png; path = "HD Curved.png"; sourceTree = "<group>"; };
		216C3AF81FDBE633006D57C0 /* Yamaha Curved.png */ = {isa = PBXFileReference; lastKnownFileType = image.png; path = "Yamaha Curved.png"; sourceTree = "<group>"; };
		218BE4031F53A33D00748783 /* WeatherViewController.swift */ = {isa = PBXFileReference; lastKnownFileType = sourcecode.swift; path = WeatherViewController.swift; sourceTree = "<group>"; };
		21AFB4A81E2B7E7700C50731 /* Speedo.app */ = {isa = PBXFileReference; explicitFileType = wrapper.application; includeInIndex = 0; path = Speedo.app; sourceTree = BUILT_PRODUCTS_DIR; };
		21AFB4AB1E2B7E7700C50731 /* AppDelegate.swift */ = {isa = PBXFileReference; lastKnownFileType = sourcecode.swift; path = AppDelegate.swift; sourceTree = "<group>"; };
		21AFB4AD1E2B7E7700C50731 /* ViewController.swift */ = {isa = PBXFileReference; lastKnownFileType = sourcecode.swift; path = ViewController.swift; sourceTree = "<group>"; };
		21AFB4B01E2B7E7700C50731 /* Base */ = {isa = PBXFileReference; lastKnownFileType = file.storyboard; name = Base; path = Base.lproj/Main.storyboard; sourceTree = "<group>"; };
		21AFB4B21E2B7E7700C50731 /* Assets.xcassets */ = {isa = PBXFileReference; lastKnownFileType = folder.assetcatalog; path = Assets.xcassets; sourceTree = "<group>"; };
		21AFB4B51E2B7E7700C50731 /* Base */ = {isa = PBXFileReference; lastKnownFileType = file.storyboard; name = Base; path = Base.lproj/LaunchScreen.storyboard; sourceTree = "<group>"; };
		21AFB4B71E2B7E7700C50731 /* Info.plist */ = {isa = PBXFileReference; lastKnownFileType = text.plist.xml; path = Info.plist; sourceTree = "<group>"; };
		21DAB2A91FD77D1F00B76C28 /* Charts.framework */ = {isa = PBXFileReference; explicitFileType = wrapper.framework; path = Charts.framework; sourceTree = BUILT_PRODUCTS_DIR; };
		21EF812C1E2BAF0A00D95102 /* SettingsViewController.swift */ = {isa = PBXFileReference; fileEncoding = 4; lastKnownFileType = sourcecode.swift; path = SettingsViewController.swift; sourceTree = "<group>"; };
		21F9AF091F4C59900009B216 /* WeatherManager.swift */ = {isa = PBXFileReference; lastKnownFileType = sourcecode.swift; path = WeatherManager.swift; sourceTree = "<group>"; };
		267ED9993123002138DE7726 /* Pods-Speedo.debug.xcconfig */ = {isa = PBXFileReference; includeInIndex = 1; lastKnownFileType = text.xcconfig; name = "Pods-Speedo.debug.xcconfig"; path = "Pods/Target Support Files/Pods-Speedo/Pods-Speedo.debug.xcconfig"; sourceTree = "<group>"; };
		961D947F256E6AB5E90D0D44 /* Pods_Speedo.framework */ = {isa = PBXFileReference; explicitFileType = wrapper.framework; includeInIndex = 0; path = Pods_Speedo.framework; sourceTree = BUILT_PRODUCTS_DIR; };
		B26082F44D1D5D2DEF35A5A1 /* Pods-Speedo.release.xcconfig */ = {isa = PBXFileReference; includeInIndex = 1; lastKnownFileType = text.xcconfig; name = "Pods-Speedo.release.xcconfig"; path = "Pods/Target Support Files/Pods-Speedo/Pods-Speedo.release.xcconfig"; sourceTree = "<group>"; };
/* End PBXFileReference section */

/* Begin PBXFrameworksBuildPhase section */
		21AFB4A51E2B7E7700C50731 /* Frameworks */ = {
			isa = PBXFrameworksBuildPhase;
			buildActionMask = 2147483647;
			files = (
				21DAB2A81FD77D1F00B76C28 /* Charts.framework in Frameworks */,
				7852C1822658E8DF40C9EBA3 /* Pods_Speedo.framework in Frameworks */,
			);
			runOnlyForDeploymentPostprocessing = 0;
		};
/* End PBXFrameworksBuildPhase section */

/* Begin PBXGroup section */
		21406EEB1FDBD1AF008C536A /* AlternateIcons */ = {
			isa = PBXGroup;
			children = (
				21406EF11FDBD1C8008C536A /* BMW@2x.png */,
				21406EFB1FDBD1C9008C536A /* BMW@3x.png */,
				21406EF61FDBD1C8008C536A /* Dark@2x.png */,
				21406EF51FDBD1C8008C536A /* Dark@3x.png */,
				21406EF81FDBD1C8008C536A /* Ducati@2x.png */,
				21406EF21FDBD1C8008C536A /* Ducati@3x.png */,
				21406EEF1FDBD1C7008C536A /* HD@2x.png */,
				21406EF41FDBD1C8008C536A /* HD@3x.png */,
				21406EF71FDBD1C8008C536A /* Honda@2x.png */,
				21406EF91FDBD1C8008C536A /* Honda@3x.png */,
				21406EEC1FDBD1C7008C536A /* Kawasaki@2x.png */,
				21406EED1FDBD1C7008C536A /* Kawasaki@3x.png */,
				21406EFA1FDBD1C8008C536A /* KTM@2x.png */,
				21406EF31FDBD1C8008C536A /* KTM@3x.png */,
				21406EEE1FDBD1C7008C536A /* Yamaha@2x.png */,
				21406EF01FDBD1C7008C536A /* Yamaha@3x.png */,
			);
			path = AlternateIcons;
			sourceTree = "<group>";
		};
		216C3AEF1FDBE61D006D57C0 /* CurvedIcons */ = {
			isa = PBXGroup;
			children = (
				216C3AF41FDBE633006D57C0 /* BaseIcon Curved.png */,
				216C3AF31FDBE633006D57C0 /* BMW Curved.png */,
				216C3AF01FDBE633006D57C0 /* Dark Curved.png */,
				216C3AF61FDBE633006D57C0 /* Ducati Curved.png */,
				216C3AF71FDBE633006D57C0 /* HD Curved.png */,
				216C3AF11FDBE633006D57C0 /* Honda Curved.png */,
				216C3AF21FDBE633006D57C0 /* Kawasaki Curved.png */,
				216C3AF51FDBE633006D57C0 /* KTM Curved.png */,
				216C3AF81FDBE633006D57C0 /* Yamaha Curved.png */,
			);
			path = CurvedIcons;
			sourceTree = "<group>";
		};
		21AFB49F1E2B7E7600C50731 = {
			isa = PBXGroup;
			children = (
				21AFB4AA1E2B7E7700C50731 /* Speedo */,
				21AFB4A91E2B7E7700C50731 /* Products */,
				ABAF99D84792241D78EBE910 /* Pods */,
				E5674D0C8C20C95F543D4972 /* Frameworks */,
			);
			sourceTree = "<group>";
			usesTabs = 0;
		};
		21AFB4A91E2B7E7700C50731 /* Products */ = {
			isa = PBXGroup;
			children = (
				21AFB4A81E2B7E7700C50731 /* Speedo.app */,
			);
			name = Products;
			sourceTree = "<group>";
		};
		21AFB4AA1E2B7E7700C50731 /* Speedo */ = {
			isa = PBXGroup;
			children = (
				21AFB4AB1E2B7E7700C50731 /* AppDelegate.swift */,
				21AFB4AD1E2B7E7700C50731 /* ViewController.swift */,
				21EF812C1E2BAF0A00D95102 /* SettingsViewController.swift */,
				21F9AF091F4C59900009B216 /* WeatherManager.swift */,
				218BE4031F53A33D00748783 /* WeatherViewController.swift */,
				21AFB4AF1E2B7E7700C50731 /* Main.storyboard */,
				21AFB4B21E2B7E7700C50731 /* Assets.xcassets */,
				216C3AEF1FDBE61D006D57C0 /* CurvedIcons */,
				21406EEB1FDBD1AF008C536A /* AlternateIcons */,
				21AFB4B41E2B7E7700C50731 /* LaunchScreen.storyboard */,
				21AFB4B71E2B7E7700C50731 /* Info.plist */,
			);
			path = Speedo;
			sourceTree = "<group>";
		};
		ABAF99D84792241D78EBE910 /* Pods */ = {
			isa = PBXGroup;
			children = (
				267ED9993123002138DE7726 /* Pods-Speedo.debug.xcconfig */,
				B26082F44D1D5D2DEF35A5A1 /* Pods-Speedo.release.xcconfig */,
			);
			name = Pods;
			sourceTree = "<group>";
		};
		E5674D0C8C20C95F543D4972 /* Frameworks */ = {
			isa = PBXGroup;
			children = (
				21DAB2A91FD77D1F00B76C28 /* Charts.framework */,
				961D947F256E6AB5E90D0D44 /* Pods_Speedo.framework */,
			);
			name = Frameworks;
			sourceTree = "<group>";
		};
/* End PBXGroup section */

/* Begin PBXNativeTarget section */
		21AFB4A71E2B7E7700C50731 /* Speedo */ = {
			isa = PBXNativeTarget;
			buildConfigurationList = 21AFB4BA1E2B7E7700C50731 /* Build configuration list for PBXNativeTarget "Speedo" */;
			buildPhases = (
				4CB12B45EB19831C81A65949 /* [CP] Check Pods Manifest.lock */,
				21AFB4A41E2B7E7700C50731 /* Sources */,
				21AFB4A51E2B7E7700C50731 /* Frameworks */,
				21AFB4A61E2B7E7700C50731 /* Resources */,
				00DA72307FBD3484651C248F /* [CP] Embed Pods Frameworks */,
				DDBCBB64C78CB626793AC727 /* [CP] Copy Pods Resources */,
			);
			buildRules = (
			);
			dependencies = (
			);
			name = Speedo;
			productName = Speedo;
			productReference = 21AFB4A81E2B7E7700C50731 /* Speedo.app */;
			productType = "com.apple.product-type.application";
		};
/* End PBXNativeTarget section */

/* Begin PBXProject section */
		21AFB4A01E2B7E7600C50731 /* Project object */ = {
			isa = PBXProject;
			attributes = {
				LastSwiftUpdateCheck = 0820;
				LastUpgradeCheck = 0920;
				ORGANIZATIONNAME = "Kim Rypstra";
				TargetAttributes = {
					21AFB4A71E2B7E7700C50731 = {
						CreatedOnToolsVersion = 8.2;
						DevelopmentTeam = YBCCTWH2WW;
						ProvisioningStyle = Automatic;
					};
				};
			};
			buildConfigurationList = 21AFB4A31E2B7E7600C50731 /* Build configuration list for PBXProject "Speedo" */;
			compatibilityVersion = "Xcode 3.2";
			developmentRegion = English;
			hasScannedForEncodings = 0;
			knownRegions = (
				en,
				Base,
			);
			mainGroup = 21AFB49F1E2B7E7600C50731;
			productRefGroup = 21AFB4A91E2B7E7700C50731 /* Products */;
			projectDirPath = "";
			projectRoot = "";
			targets = (
				21AFB4A71E2B7E7700C50731 /* Speedo */,
			);
		};
/* End PBXProject section */

/* Begin PBXResourcesBuildPhase section */
		21AFB4A61E2B7E7700C50731 /* Resources */ = {
			isa = PBXResourcesBuildPhase;
			buildActionMask = 2147483647;
			files = (
				21406EFC1FDBD1C9008C536A /* Kawasaki@2x.png in Resources */,
				21406EFE1FDBD1C9008C536A /* Yamaha@2x.png in Resources */,
				216C3AFA1FDBE633006D57C0 /* Honda Curved.png in Resources */,
				216C3AFE1FDBE633006D57C0 /* KTM Curved.png in Resources */,
				216C3AFC1FDBE633006D57C0 /* BMW Curved.png in Resources */,
				21406EFF1FDBD1C9008C536A /* HD@2x.png in Resources */,
				21406F071FDBD1C9008C536A /* Honda@2x.png in Resources */,
				21406F0B1FDBD1C9008C536A /* BMW@3x.png in Resources */,
				21406F081FDBD1C9008C536A /* Ducati@2x.png in Resources */,
				216C3B001FDBE633006D57C0 /* HD Curved.png in Resources */,
				21AFB4B61E2B7E7700C50731 /* LaunchScreen.storyboard in Resources */,
				21406F001FDBD1C9008C536A /* Yamaha@3x.png in Resources */,
				216C3AFB1FDBE633006D57C0 /* Kawasaki Curved.png in Resources */,
				216C3AFD1FDBE633006D57C0 /* BaseIcon Curved.png in Resources */,
				216C3B011FDBE633006D57C0 /* Yamaha Curved.png in Resources */,
				21406F021FDBD1C9008C536A /* Ducati@3x.png in Resources */,
				216C3AF91FDBE633006D57C0 /* Dark Curved.png in Resources */,
				216C3AFF1FDBE633006D57C0 /* Ducati Curved.png in Resources */,
				21406F051FDBD1C9008C536A /* Dark@3x.png in Resources */,
				21406EFD1FDBD1C9008C536A /* Kawasaki@3x.png in Resources */,
				21406F041FDBD1C9008C536A /* HD@3x.png in Resources */,
				21AFB4B31E2B7E7700C50731 /* Assets.xcassets in Resources */,
				21406F031FDBD1C9008C536A /* KTM@3x.png in Resources */,
				21AFB4B11E2B7E7700C50731 /* Main.storyboard in Resources */,
				21406F061FDBD1C9008C536A /* Dark@2x.png in Resources */,
				21406F0A1FDBD1C9008C536A /* KTM@2x.png in Resources */,
				21406F091FDBD1C9008C536A /* Honda@3x.png in Resources */,
				21406F011FDBD1C9008C536A /* BMW@2x.png in Resources */,
			);
			runOnlyForDeploymentPostprocessing = 0;
		};
/* End PBXResourcesBuildPhase section */

/* Begin PBXShellScriptBuildPhase section */
		00DA72307FBD3484651C248F /* [CP] Embed Pods Frameworks */ = {
			isa = PBXShellScriptBuildPhase;
			buildActionMask = 2147483647;
			files = (
			);
			inputPaths = (
			);
			name = "[CP] Embed Pods Frameworks";
			outputPaths = (
			);
			runOnlyForDeploymentPostprocessing = 0;
			shellPath = /bin/sh;
			shellScript = "\"${SRCROOT}/Pods/Target Support Files/Pods-Speedo/Pods-Speedo-frameworks.sh\"\n";
			showEnvVarsInLog = 0;
		};
		4CB12B45EB19831C81A65949 /* [CP] Check Pods Manifest.lock */ = {
			isa = PBXShellScriptBuildPhase;
			buildActionMask = 2147483647;
			files = (
			);
			inputPaths = (
			);
			name = "[CP] Check Pods Manifest.lock";
			outputPaths = (
			);
			runOnlyForDeploymentPostprocessing = 0;
			shellPath = /bin/sh;
			shellScript = "diff \"${PODS_ROOT}/../Podfile.lock\" \"${PODS_ROOT}/Manifest.lock\" > /dev/null\nif [ $? != 0 ] ; then\n    # print error to STDERR\n    echo \"error: The sandbox is not in sync with the Podfile.lock. Run 'pod install' or update your CocoaPods installation.\" >&2\n    exit 1\nfi\n";
			showEnvVarsInLog = 0;
		};
		DDBCBB64C78CB626793AC727 /* [CP] Copy Pods Resources */ = {
			isa = PBXShellScriptBuildPhase;
			buildActionMask = 2147483647;
			files = (
			);
			inputPaths = (
			);
			name = "[CP] Copy Pods Resources";
			outputPaths = (
			);
			runOnlyForDeploymentPostprocessing = 0;
			shellPath = /bin/sh;
			shellScript = "\"${SRCROOT}/Pods/Target Support Files/Pods-Speedo/Pods-Speedo-resources.sh\"\n";
			showEnvVarsInLog = 0;
		};
/* End PBXShellScriptBuildPhase section */

/* Begin PBXSourcesBuildPhase section */
		21AFB4A41E2B7E7700C50731 /* Sources */ = {
			isa = PBXSourcesBuildPhase;
			buildActionMask = 2147483647;
			files = (
				21AFB4AE1E2B7E7700C50731 /* ViewController.swift in Sources */,
				218BE4041F53A33D00748783 /* WeatherViewController.swift in Sources */,
				21AFB4AC1E2B7E7700C50731 /* AppDelegate.swift in Sources */,
				21F9AF0A1F4C59900009B216 /* WeatherManager.swift in Sources */,
				21EF812D1E2BAF0A00D95102 /* SettingsViewController.swift in Sources */,
			);
			runOnlyForDeploymentPostprocessing = 0;
		};
/* End PBXSourcesBuildPhase section */

/* Begin PBXVariantGroup section */
		21AFB4AF1E2B7E7700C50731 /* Main.storyboard */ = {
			isa = PBXVariantGroup;
			children = (
				21AFB4B01E2B7E7700C50731 /* Base */,
			);
			name = Main.storyboard;
			sourceTree = "<group>";
		};
		21AFB4B41E2B7E7700C50731 /* LaunchScreen.storyboard */ = {
			isa = PBXVariantGroup;
			children = (
				21AFB4B51E2B7E7700C50731 /* Base */,
			);
			name = LaunchScreen.storyboard;
			sourceTree = "<group>";
		};
/* End PBXVariantGroup section */

/* Begin XCBuildConfiguration section */
		21AFB4B81E2B7E7700C50731 /* Debug */ = {
			isa = XCBuildConfiguration;
			buildSettings = {
				ALWAYS_SEARCH_USER_PATHS = NO;
				CLANG_ANALYZER_NONNULL = YES;
				CLANG_CXX_LANGUAGE_STANDARD = "gnu++0x";
				CLANG_CXX_LIBRARY = "libc++";
				CLANG_ENABLE_MODULES = YES;
				CLANG_ENABLE_OBJC_ARC = YES;
				CLANG_WARN_BLOCK_CAPTURE_AUTORELEASING = YES;
				CLANG_WARN_BOOL_CONVERSION = YES;
				CLANG_WARN_COMMA = YES;
				CLANG_WARN_CONSTANT_CONVERSION = YES;
				CLANG_WARN_DIRECT_OBJC_ISA_USAGE = YES_ERROR;
				CLANG_WARN_DOCUMENTATION_COMMENTS = YES;
				CLANG_WARN_EMPTY_BODY = YES;
				CLANG_WARN_ENUM_CONVERSION = YES;
				CLANG_WARN_INFINITE_RECURSION = YES;
				CLANG_WARN_INT_CONVERSION = YES;
				CLANG_WARN_NON_LITERAL_NULL_CONVERSION = YES;
				CLANG_WARN_OBJC_LITERAL_CONVERSION = YES;
				CLANG_WARN_OBJC_ROOT_CLASS = YES_ERROR;
				CLANG_WARN_RANGE_LOOP_ANALYSIS = YES;
				CLANG_WARN_STRICT_PROTOTYPES = YES;
				CLANG_WARN_SUSPICIOUS_MOVE = YES;
				CLANG_WARN_UNREACHABLE_CODE = YES;
				CLANG_WARN__DUPLICATE_METHOD_MATCH = YES;
				"CODE_SIGN_IDENTITY[sdk=iphoneos*]" = "iPhone Developer";
				COPY_PHASE_STRIP = NO;
				DEBUG_INFORMATION_FORMAT = dwarf;
				ENABLE_STRICT_OBJC_MSGSEND = YES;
				ENABLE_TESTABILITY = YES;
				GCC_C_LANGUAGE_STANDARD = gnu99;
				GCC_DYNAMIC_NO_PIC = NO;
				GCC_NO_COMMON_BLOCKS = YES;
				GCC_OPTIMIZATION_LEVEL = 0;
				GCC_PREPROCESSOR_DEFINITIONS = (
					"DEBUG=1",
					"$(inherited)",
				);
				GCC_WARN_64_TO_32_BIT_CONVERSION = YES;
				GCC_WARN_ABOUT_RETURN_TYPE = YES_ERROR;
				GCC_WARN_UNDECLARED_SELECTOR = YES;
				GCC_WARN_UNINITIALIZED_AUTOS = YES_AGGRESSIVE;
				GCC_WARN_UNUSED_FUNCTION = YES;
				GCC_WARN_UNUSED_VARIABLE = YES;
				IPHONEOS_DEPLOYMENT_TARGET = 10.3;
				MTL_ENABLE_DEBUG_INFO = YES;
				ONLY_ACTIVE_ARCH = YES;
				SDKROOT = iphoneos;
				SWIFT_ACTIVE_COMPILATION_CONDITIONS = DEBUG;
				SWIFT_OPTIMIZATION_LEVEL = "-Onone";
			};
			name = Debug;
		};
		21AFB4B91E2B7E7700C50731 /* Release */ = {
			isa = XCBuildConfiguration;
			buildSettings = {
				ALWAYS_SEARCH_USER_PATHS = NO;
				CLANG_ANALYZER_NONNULL = YES;
				CLANG_CXX_LANGUAGE_STANDARD = "gnu++0x";
				CLANG_CXX_LIBRARY = "libc++";
				CLANG_ENABLE_MODULES = YES;
				CLANG_ENABLE_OBJC_ARC = YES;
				CLANG_WARN_BLOCK_CAPTURE_AUTORELEASING = YES;
				CLANG_WARN_BOOL_CONVERSION = YES;
				CLANG_WARN_COMMA = YES;
				CLANG_WARN_CONSTANT_CONVERSION = YES;
				CLANG_WARN_DIRECT_OBJC_ISA_USAGE = YES_ERROR;
				CLANG_WARN_DOCUMENTATION_COMMENTS = YES;
				CLANG_WARN_EMPTY_BODY = YES;
				CLANG_WARN_ENUM_CONVERSION = YES;
				CLANG_WARN_INFINITE_RECURSION = YES;
				CLANG_WARN_INT_CONVERSION = YES;
				CLANG_WARN_NON_LITERAL_NULL_CONVERSION = YES;
				CLANG_WARN_OBJC_LITERAL_CONVERSION = YES;
				CLANG_WARN_OBJC_ROOT_CLASS = YES_ERROR;
				CLANG_WARN_RANGE_LOOP_ANALYSIS = YES;
				CLANG_WARN_STRICT_PROTOTYPES = YES;
				CLANG_WARN_SUSPICIOUS_MOVE = YES;
				CLANG_WARN_UNREACHABLE_CODE = YES;
				CLANG_WARN__DUPLICATE_METHOD_MATCH = YES;
				"CODE_SIGN_IDENTITY[sdk=iphoneos*]" = "iPhone Developer";
				COPY_PHASE_STRIP = NO;
				DEBUG_INFORMATION_FORMAT = "dwarf-with-dsym";
				ENABLE_NS_ASSERTIONS = NO;
				ENABLE_STRICT_OBJC_MSGSEND = YES;
				GCC_C_LANGUAGE_STANDARD = gnu99;
				GCC_NO_COMMON_BLOCKS = YES;
				GCC_WARN_64_TO_32_BIT_CONVERSION = YES;
				GCC_WARN_ABOUT_RETURN_TYPE = YES_ERROR;
				GCC_WARN_UNDECLARED_SELECTOR = YES;
				GCC_WARN_UNINITIALIZED_AUTOS = YES_AGGRESSIVE;
				GCC_WARN_UNUSED_FUNCTION = YES;
				GCC_WARN_UNUSED_VARIABLE = YES;
				IPHONEOS_DEPLOYMENT_TARGET = 10.3;
				MTL_ENABLE_DEBUG_INFO = NO;
				SDKROOT = iphoneos;
				SWIFT_OPTIMIZATION_LEVEL = "-Owholemodule";
				VALIDATE_PRODUCT = YES;
			};
			name = Release;
		};
		21AFB4BB1E2B7E7700C50731 /* Debug */ = {
			isa = XCBuildConfiguration;
			baseConfigurationReference = 267ED9993123002138DE7726 /* Pods-Speedo.debug.xcconfig */;
			buildSettings = {
				ASSETCATALOG_COMPILER_APPICON_NAME = AppIcon;
				DEVELOPMENT_TEAM = YBCCTWH2WW;
				INFOPLIST_FILE = Speedo/Info.plist;
				LD_RUNPATH_SEARCH_PATHS = "$(inherited) @executable_path/Frameworks";
				PRODUCT_BUNDLE_IDENTIFIER = com.kimrypstra.motospeedo;
				PRODUCT_NAME = "$(TARGET_NAME)";
				SWIFT_VERSION = 3.0;
			};
			name = Debug;
		};
		21AFB4BC1E2B7E7700C50731 /* Release */ = {
			isa = XCBuildConfiguration;
			baseConfigurationReference = B26082F44D1D5D2DEF35A5A1 /* Pods-Speedo.release.xcconfig */;
			buildSettings = {
				ASSETCATALOG_COMPILER_APPICON_NAME = AppIcon;
				DEVELOPMENT_TEAM = YBCCTWH2WW;
				INFOPLIST_FILE = Speedo/Info.plist;
				LD_RUNPATH_SEARCH_PATHS = "$(inherited) @executable_path/Frameworks";
				PRODUCT_BUNDLE_IDENTIFIER = com.kimrypstra.motospeedo;
				PRODUCT_NAME = "$(TARGET_NAME)";
				SWIFT_VERSION = 3.0;
			};
			name = Release;
		};
/* End XCBuildConfiguration section */

/* Begin XCConfigurationList section */
		21AFB4A31E2B7E7600C50731 /* Build configuration list for PBXProject "Speedo" */ = {
			isa = XCConfigurationList;
			buildConfigurations = (
				21AFB4B81E2B7E7700C50731 /* Debug */,
				21AFB4B91E2B7E7700C50731 /* Release */,
			);
			defaultConfigurationIsVisible = 0;
			defaultConfigurationName = Release;
		};
		21AFB4BA1E2B7E7700C50731 /* Build configuration list for PBXNativeTarget "Speedo" */ = {
			isa = XCConfigurationList;
			buildConfigurations = (
				21AFB4BB1E2B7E7700C50731 /* Debug */,
				21AFB4BC1E2B7E7700C50731 /* Release */,
			);
			defaultConfigurationIsVisible = 0;
			defaultConfigurationName = Release;
		};
/* End XCConfigurationList section */
	};
	rootObject = 21AFB4A01E2B7E7600C50731 /* Project object */;
}
